
Microsoft Visual Studio Solution File, Format Version 12.00
# Visual Studio 15
VisualStudioVersion = 15.0.28307.271
MinimumVisualStudioVersion = 10.0.40219.1
Project("{8BC9CEB8-8B4A-11D0-8D11-00A0C91BC942}") = "Program4", "Program4\Program4.vcxproj", "{CE747F27-859B-4B7A-BF87-D4ED9FCC1EEF}"
EndProject
Global
	GlobalSection(SolutionConfigurationPlatforms) = preSolution
		Debug|x64 = Debug|x64
		Debug|x86 = Debug|x86
		Release|x64 = Release|x64
		Release|x86 = Release|x86
	EndGlobalSection
	GlobalSection(ProjectConfigurationPlatforms) = postSolution
		{CE747F27-859B-4B7A-BF87-D4ED9FCC1EEF}.Debug|x64.ActiveCfg = Debug|x64
		{CE747F27-859B-4B7A-BF87-D4ED9FCC1EEF}.Debug|x64.Build.0 = Debug|x64
		{CE747F27-859B-4B7A-BF87-D4ED9FCC1EEF}.Debug|x86.ActiveCfg = Debug|Win32
		{CE747F27-859B-4B7A-BF87-D4ED9FCC1EEF}.Debug|x86.Build.0 = Debug|Win32
		{CE747F27-859B-4B7A-BF87-D4ED9FCC1EEF}.Release|x64.ActiveCfg = Release|x64
		{CE747F27-859B-4B7A-BF87-D4ED9FCC1EEF}.Release|x64.Build.0 = Release|x64
		{CE747F27-859B-4B7A-BF87-D4ED9FCC1EEF}.Release|x86.ActiveCfg = Release|Win32
		{CE747F27-859B-4B7A-BF87-D4ED9FCC1EEF}.Release|x86.Build.0 = Release|Win32
	EndGlobalSection
	GlobalSection(SolutionProperties) = preSolution
		HideSolutionNode = FALSE
	EndGlobalSection
	GlobalSection(ExtensibilityGlobals) = postSolution
		SolutionGuid = {317360E1-72ED-4D0C-AACF-AA43DC9925CC}
	EndGlobalSection
EndGlobal
